
Microsoft Visual Studio Solution File, Format Version 12.00
# Visual Studio 15
Project("{FAE04EC0-301F-11D3-BF4B-00C04F79EFBC}") = "Grains", "Grains.csproj", "{DAD40608-8453-456B-8FE4-E3417A300C3B}"
EndProject
Global
	GlobalSection(SolutionConfigurationPlatforms) = preSolution
		Debug|Any CPU = Debug|Any CPU
		Release|Any CPU = Release|Any CPU
	EndGlobalSection
	GlobalSection(ProjectConfigurationPlatforms) = postSolution
		{DAD40608-8453-456B-8FE4-E3417A300C3B}.Debug|Any CPU.ActiveCfg = Debug|Any CPU
		{DAD40608-8453-456B-8FE4-E3417A300C3B}.Debug|Any CPU.Build.0 = Debug|Any CPU
		{DAD40608-8453-456B-8FE4-E3417A300C3B}.Release|Any CPU.ActiveCfg = Release|Any CPU
		{DAD40608-8453-456B-8FE4-E3417A300C3B}.Release|Any CPU.Build.0 = Release|Any CPU
	EndGlobalSection
EndGlobal
